
Microsoft Visual Studio Solution File, Format Version 12.00
# Visual Studio Version 16
VisualStudioVersion = 16.0.31112.23
MinimumVisualStudioVersion = 10.0.40219.1
Project("{FAE04EC0-301F-11D3-BF4B-00C04F79EFBC}") = "LoyaltyCardScheme", "LoyaltyCardScheme\LoyaltyCardScheme.csproj", "{EC0E85D7-2A77-4542-B351-1891DE4597D5}"
EndProject
Global
	GlobalSection(SolutionConfigurationPlatforms) = preSolution
		Debug|Any CPU = Debug|Any CPU
		Release|Any CPU = Release|Any CPU
	EndGlobalSection
	GlobalSection(ProjectConfigurationPlatforms) = postSolution
		{EC0E85D7-2A77-4542-B351-1891DE4597D5}.Debug|Any CPU.ActiveCfg = Debug|Any CPU
		{EC0E85D7-2A77-4542-B351-1891DE4597D5}.Debug|Any CPU.Build.0 = Debug|Any CPU
		{EC0E85D7-2A77-4542-B351-1891DE4597D5}.Release|Any CPU.ActiveCfg = Release|Any CPU
		{EC0E85D7-2A77-4542-B351-1891DE4597D5}.Release|Any CPU.Build.0 = Release|Any CPU
	EndGlobalSection
	GlobalSection(SolutionProperties) = preSolution
		HideSolutionNode = FALSE
	EndGlobalSection
	GlobalSection(ExtensibilityGlobals) = postSolution
		SolutionGuid = {6AAF9428-B455-48DE-BB7B-8E97C4AF1224}
	EndGlobalSection
EndGlobal
